
Microsoft Visual Studio Solution File, Format Version 12.00
# Visual Studio Version 17
VisualStudioVersion = 17.7.34221.43
MinimumVisualStudioVersion = 10.0.40219.1
Project("{FAE04EC0-301F-11D3-BF4B-00C04F79EFBC}") = "ClassMetotDemo", "ClassMetotDemo.csproj", "{DDF4774A-E47C-4859-85A9-410A99CC35B4}"
EndProject
Global
	GlobalSection(SolutionConfigurationPlatforms) = preSolution
		Debug|Any CPU = Debug|Any CPU
		Release|Any CPU = Release|Any CPU
	EndGlobalSection
	GlobalSection(ProjectConfigurationPlatforms) = postSolution
		{DDF4774A-E47C-4859-85A9-410A99CC35B4}.Debug|Any CPU.ActiveCfg = Debug|Any CPU
		{DDF4774A-E47C-4859-85A9-410A99CC35B4}.Debug|Any CPU.Build.0 = Debug|Any CPU
		{DDF4774A-E47C-4859-85A9-410A99CC35B4}.Release|Any CPU.ActiveCfg = Release|Any CPU
		{DDF4774A-E47C-4859-85A9-410A99CC35B4}.Release|Any CPU.Build.0 = Release|Any CPU
	EndGlobalSection
	GlobalSection(SolutionProperties) = preSolution
		HideSolutionNode = FALSE
	EndGlobalSection
	GlobalSection(ExtensibilityGlobals) = postSolution
		SolutionGuid = {951266BC-1E0D-4596-AB6B-0949AEB0BF22}
	EndGlobalSection
EndGlobal
